// !$*UTF8*$!
{
	archiveVersion = 1;
	classes = {
	};
	objectVersion = 46;
	objects = {

/* Begin PBXBuildFile section */
		482A6A8D1F358EC70002394B /* WWTFrame.h in CopyFiles */ = {isa = PBXBuildFile; fileRef = 482A6A8C1F358EC70002394B /* WWTFrame.h */; };
		482A6A8F1F358EC70002394B /* WWTFrame.m in Sources */ = {isa = PBXBuildFile; fileRef = 482A6A8E1F358EC70002394B /* WWTFrame.m */; };
/* End PBXBuildFile section */

/* Begin PBXCopyFilesBuildPhase section */
		482A6A871F358EC70002394B /* CopyFiles */ = {
			isa = PBXCopyFilesBuildPhase;
			buildActionMask = 2147483647;
			dstPath = "include/$(PRODUCT_NAME)";
			dstSubfolderSpec = 16;
			files = (
				482A6A8D1F358EC70002394B /* WWTFrame.h in CopyFiles */,
			);
			runOnlyForDeploymentPostprocessing = 0;
		};
/* End PBXCopyFilesBuildPhase section */

/* Begin PBXFileReference section */
		482A6A891F358EC70002394B /* libWWTFrame.a */ = {isa = PBXFileReference; explicitFileType = archive.ar; includeInIndex = 0; path = libWWTFrame.a; sourceTree = BUILT_PRODUCTS_DIR; };
		482A6A8C1F358EC70002394B /* WWTFrame.h */ = {isa = PBXFileReference; lastKnownFileType = sourcecode.c.h; path = WWTFrame.h; sourceTree = "<group>"; };
		482A6A8E1F358EC70002394B /* WWTFrame.m */ = {isa = PBXFileReference; lastKnownFileType = sourcecode.c.objc; path = WWTFrame.m; sourceTree = "<group>"; };
/* End PBXFileReference section */

/* Begin PBXFrameworksBuildPhase section */
		482A6A861F358EC70002394B /* Frameworks */ = {
			isa = PBXFrameworksBuildPhase;
			buildActionMask = 2147483647;
			files = (
			);
			runOnlyForDeploymentPostprocessing = 0;
		};
/* End PBXFrameworksBuildPhase section */

/* Begin PBXGroup section */
		482A6A801F358EC70002394B = {
			isa = PBXGroup;
			children = (
				482A6A8B1F358EC70002394B /* WWTFrame */,
				482A6A8A1F358EC70002394B /* Products */,
			);
			sourceTree = "<group>";
		};
		482A6A8A1F358EC70002394B /* Products */ = {
			isa = PBXGroup;
			children = (
				482A6A891F358EC70002394B /* libWWTFrame.a */,
			);
			name = Products;
			sourceTree = "<group>";
		};
		482A6A8B1F358EC70002394B /* WWTFrame */ = {
			isa = PBXGroup;
			children = (
				482A6A8C1F358EC70002394B /* WWTFrame.h */,
				482A6A8E1F358EC70002394B /* WWTFrame.m */,
			);
			path = WWTFrame;
			sourceTree = "<group>";
		};
/* End PBXGroup section */

/* Begin PBXNativeTarget section */
		482A6A881F358EC70002394B /* WWTFrame */ = {
			isa = PBXNativeTarget;
			buildConfigurationList = 482A6A921F358EC70002394B /* Build configuration list for PBXNativeTarget "WWTFrame" */;
			buildPhases = (
				482A6A851F358EC70002394B /* Sources */,
				482A6A861F358EC70002394B /* Frameworks */,
				482A6A871F358EC70002394B /* CopyFiles */,
			);
			buildRules = (
			);
			dependencies = (
			);
			name = WWTFrame;
			productName = WWTFrame;
			productReference = 482A6A891F358EC70002394B /* libWWTFrame.a */;
			productType = "com.apple.product-type.library.static";
		};
/* End PBXNativeTarget section */

/* Begin PBXProject section */
		482A6A811F358EC70002394B /* Project object */ = {
			isa = PBXProject;
			attributes = {
				LastUpgradeCheck = 0720;
				ORGANIZATIONNAME = wuwentao;
				TargetAttributes = {
					482A6A881F358EC70002394B = {
						CreatedOnToolsVersion = 7.2;
					};
				};
			};
			buildConfigurationList = 482A6A841F358EC70002394B /* Build configuration list for PBXProject "WWTFrame" */;
			compatibilityVersion = "Xcode 3.2";
			developmentRegion = English;
			hasScannedForEncodings = 0;
			knownRegions = (
				en,
			);
			mainGroup = 482A6A801F358EC70002394B;
			productRefGroup = 482A6A8A1F358EC70002394B /* Products */;
			projectDirPath = "";
			projectRoot = "";
			targets = (
				482A6A881F358EC70002394B /* WWTFrame */,
			);
		};
/* End PBXProject section */

/* Begin PBXSourcesBuildPhase section */
		482A6A851F358EC70002394B /* Sources */ = {
			isa = PBXSourcesBuildPhase;
			buildActionMask = 2147483647;
			files = (
				482A6A8F1F358EC70002394B /* WWTFrame.m in Sources */,
			);
			runOnlyForDeploymentPostprocessing = 0;
		};
/* End PBXSourcesBuildPhase section */

/* Begin XCBuildConfiguration section */
		482A6A901F358EC70002394B /* Debug */ = {
			isa = XCBuildConfiguration;
			buildSettings = {
				ALWAYS_SEARCH_USER_PATHS = NO;
				CLANG_CXX_LANGUAGE_STANDARD = "gnu++0x";
				CLANG_CXX_LIBRARY = "libc++";
				CLANG_ENABLE_MODULES = YES;
				CLANG_ENABLE_OBJC_ARC = YES;
				CLANG_WARN_BOOL_CONVERSION = YES;
				CLANG_WARN_CONSTANT_CONVERSION = YES;
				CLANG_WARN_DIRECT_OBJC_ISA_USAGE = YES_ERROR;
				CLANG_WARN_EMPTY_BODY = YES;
				CLANG_WARN_ENUM_CONVERSION = YES;
				CLANG_WARN_INT_CONVERSION = YES;
				CLANG_WARN_OBJC_ROOT_CLASS = YES_ERROR;
				CLANG_WARN_UNREACHABLE_CODE = YES;
				CLANG_WARN__DUPLICATE_METHOD_MATCH = YES;
				"CODE_SIGN_IDENTITY[sdk=iphoneos*]" = "iPhone Developer";
				COPY_PHASE_STRIP = NO;
				DEBUG_INFORMATION_FORMAT = dwarf;
				ENABLE_STRICT_OBJC_MSGSEND = YES;
				ENABLE_TESTABILITY = YES;
				GCC_C_LANGUAGE_STANDARD = gnu99;
				GCC_DYNAMIC_NO_PIC = NO;
				GCC_NO_COMMON_BLOCKS = YES;
				GCC_OPTIMIZATION_LEVEL = 0;
				GCC_PREPROCESSOR_DEFINITIONS = (
					"DEBUG=1",
					"$(inherited)",
				);
				GCC_WARN_64_TO_32_BIT_CONVERSION = YES;
				GCC_WARN_ABOUT_RETURN_TYPE = YES_ERROR;
				GCC_WARN_UNDECLARED_SELECTOR = YES;
				GCC_WARN_UNINITIALIZED_AUTOS = YES_AGGRESSIVE;
				GCC_WARN_UNUSED_FUNCTION = YES;
				GCC_WARN_UNUSED_VARIABLE = YES;
				IPHONEOS_DEPLOYMENT_TARGET = 9.2;
				MTL_ENABLE_DEBUG_INFO = YES;
				ONLY_ACTIVE_ARCH = YES;
				SDKROOT = iphoneos;
			};
			name = Debug;
		};
		482A6A911F358EC70002394B /* Release */ = {
			isa = XCBuildConfiguration;
			buildSettings = {
				ALWAYS_SEARCH_USER_PATHS = NO;
				CLANG_CXX_LANGUAGE_STANDARD = "gnu++0x";
				CLANG_CXX_LIBRARY = "libc++";
				CLANG_ENABLE_MODULES = YES;
				CLANG_ENABLE_OBJC_ARC = YES;
				CLANG_WARN_BOOL_CONVERSION = YES;
				CLANG_WARN_CONSTANT_CONVERSION = YES;
				CLANG_WARN_DIRECT_OBJC_ISA_USAGE = YES_ERROR;
				CLANG_WARN_EMPTY_BODY = YES;
				CLANG_WARN_ENUM_CONVERSION = YES;
				CLANG_WARN_INT_CONVERSION = YES;
				CLANG_WARN_OBJC_ROOT_CLASS = YES_ERROR;
				CLANG_WARN_UNREACHABLE_CODE = YES;
				CLANG_WARN__DUPLICATE_METHOD_MATCH = YES;
				"CODE_SIGN_IDENTITY[sdk=iphoneos*]" = "iPhone Developer";
				COPY_PHASE_STRIP = NO;
				DEBUG_INFORMATION_FORMAT = "dwarf-with-dsym";
				ENABLE_NS_ASSERTIONS = NO;
				ENABLE_STRICT_OBJC_MSGSEND = YES;
				GCC_C_LANGUAGE_STANDARD = gnu99;
				GCC_NO_COMMON_BLOCKS = YES;
				GCC_WARN_64_TO_32_BIT_CONVERSION = YES;
				GCC_WARN_ABOUT_RETURN_TYPE = YES_ERROR;
				GCC_WARN_UNDECLARED_SELECTOR = YES;
				GCC_WARN_UNINITIALIZED_AUTOS = YES_AGGRESSIVE;
				GCC_WARN_UNUSED_FUNCTION = YES;
				GCC_WARN_UNUSED_VARIABLE = YES;
				IPHONEOS_DEPLOYMENT_TARGET = 9.2;
				MTL_ENABLE_DEBUG_INFO = NO;
				SDKROOT = iphoneos;
				VALIDATE_PRODUCT = YES;
			};
			name = Release;
		};
		482A6A931F358EC70002394B /* Debug */ = {
			isa = XCBuildConfiguration;
			buildSettings = {
				OTHER_LDFLAGS = "-ObjC";
				PRODUCT_NAME = "$(TARGET_NAME)";
				SKIP_INSTALL = YES;
			};
			name = Debug;
		};
		482A6A941F358EC70002394B /* Release */ = {
			isa = XCBuildConfiguration;
			buildSettings = {
				OTHER_LDFLAGS = "-ObjC";
				PRODUCT_NAME = "$(TARGET_NAME)";
				SKIP_INSTALL = YES;
			};
			name = Release;
		};
/* End XCBuildConfiguration section */

/* Begin XCConfigurationList section */
		482A6A841F358EC70002394B /* Build configuration list for PBXProject "WWTFrame" */ = {
			isa = XCConfigurationList;
			buildConfigurations = (
				482A6A901F358EC70002394B /* Debug */,
				482A6A911F358EC70002394B /* Release */,
			);
			defaultConfigurationIsVisible = 0;
			defaultConfigurationName = Release;
		};
		482A6A921F358EC70002394B /* Build configuration list for PBXNativeTarget "WWTFrame" */ = {
			isa = XCConfigurationList;
			buildConfigurations = (
				482A6A931F358EC70002394B /* Debug */,
				482A6A941F358EC70002394B /* Release */,
			);
			defaultConfigurationIsVisible = 0;
		};
/* End XCConfigurationList section */
	};
	rootObject = 482A6A811F358EC70002394B /* Project object */;
}
